{
  "nodes": {
    "flake-parts-unstable": {
      "inputs": {
        "nixpkgs-lib": [
          "nixpkgs-unstable"
        ]
      },
      "locked": {
        "lastModified": 1722555600,
        "narHash": "sha256-XOQkdLafnb/p9ij77byFQjDf5m5QYl9b2REiVClC+x4=",
        "owner": "hercules-ci",
        "repo": "flake-parts",
        "rev": "8471fe90ad337a8074e957b69ca4d0089218391d",
        "type": "github"
      },
      "original": {
        "owner": "hercules-ci",
        "repo": "flake-parts",
        "type": "github"
      }
    },
    "nixpkgs-24-05": {
      "locked": {
        "lastModified": 1724316499,
        "narHash": "sha256-Qb9MhKBUTCfWg/wqqaxt89Xfi6qTD3XpTzQ9eXi3JmE=",
        "owner": "NixOS",
        "repo": "nixpkgs",
        "rev": "797f7dc49e0bc7fab4b57c021cdf68f595e47841",
        "type": "github"
      },
      "original": {
        "owner": "NixOS",
        "ref": "nixos-24.05",
        "repo": "nixpkgs",
        "type": "github"
      }
    },
    "nixpkgs-unstable": {
      "locked": {
        "lastModified": 1724479785,
        "narHash": "sha256-pP3Azj5d6M5nmG68Fu4JqZmdGt4S4vqI5f8te+E/FTw=",
        "owner": "NixOS",
        "repo": "nixpkgs",
        "rev": "d0e1602ddde669d5beb01aec49d71a51937ed7be",
        "type": "github"
      },
      "original": {
        "owner": "NixOS",
        "ref": "nixos-unstable",
        "repo": "nixpkgs",
        "type": "github"
      }
    },
    "nixvim-unstable": {
      "inputs": {
        "devshell": [],
        "flake-compat": [],
        "flake-parts": [
          "flake-parts-unstable"
        ],
        "git-hooks": [],
        "home-manager": [],
        "nix-darwin": [],
        "nixpkgs": [
          "nixpkgs-unstable"
        ],
        "nuschtosSearch": [],
        "treefmt-nix": []
      },
      "locked": {
        "lastModified": 1724710305,
        "narHash": "sha256-qotbY/mgvykExLqRLAKN4yeufPfIjnMaK6hQQFhE2DE=",
        "owner": "nix-community",
        "repo": "nixvim",
        "rev": "eac092c876e4c4861c6df0cff93e25b972b1842c",
        "type": "github"
      },
      "original": {
        "owner": "nix-community",
        "repo": "nixvim",
        "type": "github"
      }
    },
    "root": {
      "inputs": {
        "flake-parts-unstable": "flake-parts-unstable",
        "nixpkgs-24-05": "nixpkgs-24-05",
        "nixpkgs-unstable": "nixpkgs-unstable",
        "nixvim-unstable": "nixvim-unstable"
      }
    }
  },
  "root": "root",
  "version": 7
}
